
Microsoft Visual Studio Solution File, Format Version 12.00
# Visual Studio Version 17
VisualStudioVersion = 17.5.002.0
MinimumVisualStudioVersion = 10.0.40219.1
Project("{9A19103F-16F7-4668-BE54-9A1E7A4F7556}") = "Deletar1_09_24_", "Deletar1_09_24_.csproj", "{C5644CF7-8A06-4315-B52A-8CFA1D903C1F}"
EndProject
Global
	GlobalSection(SolutionConfigurationPlatforms) = preSolution
		Debug|Any CPU = Debug|Any CPU
		Release|Any CPU = Release|Any CPU
	EndGlobalSection
	GlobalSection(ProjectConfigurationPlatforms) = postSolution
		{C5644CF7-8A06-4315-B52A-8CFA1D903C1F}.Debug|Any CPU.ActiveCfg = Debug|Any CPU
		{C5644CF7-8A06-4315-B52A-8CFA1D903C1F}.Debug|Any CPU.Build.0 = Debug|Any CPU
		{C5644CF7-8A06-4315-B52A-8CFA1D903C1F}.Release|Any CPU.ActiveCfg = Release|Any CPU
		{C5644CF7-8A06-4315-B52A-8CFA1D903C1F}.Release|Any CPU.Build.0 = Release|Any CPU
	EndGlobalSection
	GlobalSection(SolutionProperties) = preSolution
		HideSolutionNode = FALSE
	EndGlobalSection
	GlobalSection(ExtensibilityGlobals) = postSolution
		SolutionGuid = {76413341-86DE-4C1D-9C0D-DA9C86EBA5A9}
	EndGlobalSection
EndGlobal
